metadata:
  channels:
    - url: conda-forge
  platforms:
    - linux-64
    - osx-64
    - osx-arm64
    - win-64
package:
  - manager: conda
    name: zlib
    version: 1.2.11
    platform: linux-64
    url: https://conda.anaconda.org/conda-forge/linux-64/zlib-1.2.11-h36c2ea0_1013.tar.bz2
  - manager: conda
    name: zlib
    version: 1.2.11
    platform: osx-64
    url: https://conda.anaconda.org/conda-forge/osx-64/zlib-1.2.11-h6c3fc93_1014.tar.bz2
  - manager: conda
    name: zlib
    version: 1.2.11
    platform: osx-arm64
    url: https://conda.anaconda.org/conda-forge/osx-arm64/zlib-1.2.11-h90dfc92_1014.tar.bz2
  - manager: conda
    name: zlib
    version: 1.2.11
    platform: win-64
    url: https://conda.anaconda.org/conda-forge/win-64/zlib-1.2.11-h8ffe710_1013.tar.bz2
  - manager: conda
    name: tzdata
    version: "2024a"
    platform: noarch
    url: https://conda.anaconda.org/conda-forge/noarch/tzdata-2024a-h0c530f3_0.tar.bz2
